
Microsoft Visual Studio Solution File, Format Version 12.00
# Visual Studio 2013
VisualStudioVersion = 12.0.31101.0
MinimumVisualStudioVersion = 10.0.40219.1
Project("{FAE04EC0-301F-11D3-BF4B-00C04F79EFBC}") = "DemoPlugin.Client", "DemoPlugin\DemoPlugin.Client\DemoPlugin.Client.csproj", "{615C6D8D-7CFB-4D5A-86BC-DD7EE3E78207}"
EndProject
Project("{FAE04EC0-301F-11D3-BF4B-00C04F79EFBC}") = "DemoPlugin.Server", "DemoPlugin\DemoPlugin.Server\DemoPlugin.Server.csproj", "{955E2EB3-440A-486B-A7A9-96A94518D541}"
EndProject
Project("{FAE04EC0-301F-11D3-BF4B-00C04F79EFBC}") = "DemoPlugin.Stub", "DemoPlugin\DemoPlugin.StubServer\DemoPlugin.Stub.csproj", "{1686861D-8940-4F87-990E-B8134D15F434}"
EndProject
Project("{FAE04EC0-301F-11D3-BF4B-00C04F79EFBC}") = "BungeeCord.Interface", "BungeeCord\BungeeCord.Interface\BungeeCord.Interface.csproj", "{07FAD396-9D38-467A-965E-2069ECB5A404}"
EndProject
Project("{FAE04EC0-301F-11D3-BF4B-00C04F79EFBC}") = "BungeeCord.Server", "BungeeCord\BungeeCord.Server\BungeeCord.Server.csproj", "{75D494A0-9DD0-49BD-B672-5C9E1491E945}"
EndProject
Project("{FAE04EC0-301F-11D3-BF4B-00C04F79EFBC}") = "DemoPlugin.Interface", "DemoPlugin\DemoPlugin.Interface\DemoPlugin.Interface.csproj", "{BF7F1F94-3019-4D63-BEE7-71D63757CD23}"
EndProject
Project("{FAE04EC0-301F-11D3-BF4B-00C04F79EFBC}") = "CredentialManager.Stub", "CredentialManager\CredentialManager.Stub\CredentialManager.Stub.csproj", "{536FE286-A75E-482B-85A3-6E54B4F83C94}"
EndProject
Project("{FAE04EC0-301F-11D3-BF4B-00C04F79EFBC}") = "DDOS.Client", "DDOS\DDOS.Client\DDOS.Client.csproj", "{A8004ABD-76D6-4285-9D03-D88A9E5C2F82}"
EndProject
Project("{FAE04EC0-301F-11D3-BF4B-00C04F79EFBC}") = "DDOS.Server", "DDOS\DDOS.Server\DDOS.Server.csproj", "{3E2FC6DD-3D44-44A4-8941-CDCB77C3C130}"
EndProject
Project("{FAE04EC0-301F-11D3-BF4B-00C04F79EFBC}") = "DDOS.Stub", "DDOS\DDOS.Stub\DDOS.Stub.csproj", "{1B13DE01-DE67-4A43-ABE8-7CE68F4A065F}"
EndProject
Project("{FAE04EC0-301F-11D3-BF4B-00C04F79EFBC}") = "KeyLogger.Client", "KeyLogger\KeyLogger.Client\KeyLogger.Client.csproj", "{3A8B8074-6381-4D39-BC07-684E365B585A}"
EndProject
Project("{FAE04EC0-301F-11D3-BF4B-00C04F79EFBC}") = "KeyLogger.Stub", "KeyLogger\KeyLogger.Stub\KeyLogger.Stub.csproj", "{32B82443-D641-4287-8AFE-5B29F28BF2EA}"
EndProject
Project("{FAE04EC0-301F-11D3-BF4B-00C04F79EFBC}") = "MsgBox.Client", "MsgBox\MsgBox.Client\MsgBox.Client.csproj", "{E8CF9360-CD58-4B93-879C-974E461DD688}"
EndProject
Project("{FAE04EC0-301F-11D3-BF4B-00C04F79EFBC}") = "MsgBox.Stub", "MsgBox\MsgBox.Stub\MsgBox.Stub.csproj", "{3E32947C-F0F7-4612-8E63-679822633C3E}"
EndProject
Project("{FAE04EC0-301F-11D3-BF4B-00C04F79EFBC}") = "NetworkFunctions.Client", "NetworkFunctions\NetworkFunctions.Client\NetworkFunctions.Client.csproj", "{2E2D9ABB-D822-408C-BB84-13736D83EAF2}"
EndProject
Project("{FAE04EC0-301F-11D3-BF4B-00C04F79EFBC}") = "NetworkFunctions.Stub", "NetworkFunctions\NetworkFunctions.Stub\NetworkFunctions.Stub.csproj", "{37354FDF-99F5-48BF-B6DD-069867F7FD44}"
EndProject
Project("{FAE04EC0-301F-11D3-BF4B-00C04F79EFBC}") = "PrintManager.Client", "PrintManager\PrintManager.Client\PrintManager.Client.csproj", "{AD70B5EA-3AF8-42EA-9DEE-C2A613E86C2A}"
EndProject
Project("{FAE04EC0-301F-11D3-BF4B-00C04F79EFBC}") = "PrintManager.Stub", "PrintManager\PrintManager.Stub\PrintManager.Stub.csproj", "{45C280CF-1E6A-4EB3-8757-5A4DB16C7A05}"
EndProject
Project("{FAE04EC0-301F-11D3-BF4B-00C04F79EFBC}") = "ProcessManager.Client", "ProcessManager\ProcessManager.Client\ProcessManager.Client.csproj", "{31A5E2A3-1D75-4DEE-810D-1E8A1FAA367F}"
EndProject
Project("{FAE04EC0-301F-11D3-BF4B-00C04F79EFBC}") = "ProcessManager.Stub", "ProcessManager\ProcessManager.Stub\ProcessManager.Stub.csproj", "{9FEB1072-415C-4E96-AA33-31C3D03D529F}"
EndProject
Project("{FAE04EC0-301F-11D3-BF4B-00C04F79EFBC}") = "RDPCapture.Client", "RDPCapture\RDPCapture.Client\RDPCapture.Client.csproj", "{1E45B31D-E951-4285-8DCA-E09A992A1E3F}"
EndProject
Project("{FAE04EC0-301F-11D3-BF4B-00C04F79EFBC}") = "RDPCapture.Stub", "RDPCapture\RDPCapture.Stub\RDPCapture.Stub.csproj", "{817F91AF-EB7D-477C-8737-74B7FC7F284A}"
EndProject
Project("{FAE04EC0-301F-11D3-BF4B-00C04F79EFBC}") = "RemoteSearch.Client", "RemoteSearch\RemoteSearch.Client\RemoteSearch.Client.csproj", "{5C2E2035-3E70-455C-92C9-8F35314D2B25}"
EndProject
Project("{FAE04EC0-301F-11D3-BF4B-00C04F79EFBC}") = "RemoteSearch.Server", "RemoteSearch\RemoteSearch.Server\RemoteSearch.Server.csproj", "{9E2E16B4-B0F9-446F-8AB6-85C53A2F8086}"
EndProject
Project("{FAE04EC0-301F-11D3-BF4B-00C04F79EFBC}") = "RemoteSearch.Stub", "RemoteSearch\RemoteSearch.Stub\RemoteSearch.Stub.csproj", "{ED2778D6-D22D-4034-BD72-CF9B668A60B0}"
EndProject
Project("{FAE04EC0-301F-11D3-BF4B-00C04F79EFBC}") = "SoundCapture.Client", "SoundCapture\SoundCapture.Client\SoundCapture.Client.csproj", "{670D00CE-9AEE-4250-A6E0-13F5159C62E0}"
EndProject
Project("{FAE04EC0-301F-11D3-BF4B-00C04F79EFBC}") = "SoundCapture.Server", "SoundCapture\SoundCapture.Server\SoundCapture.Server.csproj", "{5D817E81-39EA-4442-A985-084107EF36AF}"
EndProject
Project("{FAE04EC0-301F-11D3-BF4B-00C04F79EFBC}") = "SystemManager.Client", "SystemManager\SystemManager.Client\SystemManager.Client.csproj", "{D46D10CA-7CCB-4DD1-A384-48B2440395BA}"
EndProject
Project("{FAE04EC0-301F-11D3-BF4B-00C04F79EFBC}") = "SystemManager.Server", "SystemManager\SystemManager.Server\SystemManager.Server.csproj", "{13205F2F-698F-4DA5-99FF-1907889AB55C}"
EndProject
Project("{FAE04EC0-301F-11D3-BF4B-00C04F79EFBC}") = "TorrentSeeder.Client", "TorrentSeeder\TorrentSeeder.Client\TorrentSeeder.Client.csproj", "{8A42F2B0-3C16-4BFC-96BE-9FDFAB0ADE25}"
EndProject
Project("{FAE04EC0-301F-11D3-BF4B-00C04F79EFBC}") = "TorrentSeeder.Server", "TorrentSeeder\TorrentSeeder.Server\TorrentSeeder.Server.csproj", "{8672131B-BF8D-4EEF-8018-7FB3FDB70E0B}"
EndProject
Project("{FAE04EC0-301F-11D3-BF4B-00C04F79EFBC}") = "TorrentSeeder.Stub", "TorrentSeeder\TorrentSeeder.Stub\TorrentSeeder.Stub.csproj", "{68FBF8C6-580E-4A69-B459-E342EB9155E0}"
EndProject
Project("{FAE04EC0-301F-11D3-BF4B-00C04F79EFBC}") = "UserNotes.Client", "UserNotes\UserNotes.Client\UserNotes.Client.csproj", "{09A6B9A3-D2FB-4BE7-96B2-7C3BD8885676}"
EndProject
Project("{FAE04EC0-301F-11D3-BF4B-00C04F79EFBC}") = "WebcamCapture.Client", "WebcamCapture\WebcamCapture.Client\WebcamCapture.Client.csproj", "{2A1EDEB8-9BDF-4701-AC6B-E85D74236399}"
EndProject
Project("{FAE04EC0-301F-11D3-BF4B-00C04F79EFBC}") = "WebcamCapture.Stub", "WebcamCapture\WebcamCapture.Stub\WebcamCapture.Stub.csproj", "{5CC69D13-C2B4-4A50-9FE8-3CF30D45B25C}"
EndProject
Project("{FAE04EC0-301F-11D3-BF4B-00C04F79EFBC}") = "CredentialManager.Client", "CredentialManager\CredentialManager.Client\CredentialManager.Client.csproj", "{1A828119-84B6-409F-B616-2B8491AB9048}"
EndProject
Project("{2150E333-8FDC-42A3-9474-1A3956D46DE8}") = "BungeeCord", "BungeeCord", "{E62AFDA8-3FA1-4DDC-8609-4C2FF44BBE0B}"
EndProject
Project("{2150E333-8FDC-42A3-9474-1A3956D46DE8}") = "ClipboardManager", "ClipboardManager", "{DB303DDF-B984-474D-8182-C3145F986D9F}"
EndProject
Project("{2150E333-8FDC-42A3-9474-1A3956D46DE8}") = "CredentialManager", "CredentialManager", "{E35D6D83-B9FF-4ECF-B610-EEC4A66E8A86}"
EndProject
Project("{2150E333-8FDC-42A3-9474-1A3956D46DE8}") = "DDOS", "DDOS", "{8646AE22-1E3E-46CA-9739-AB714B8117C0}"
EndProject
Project("{2150E333-8FDC-42A3-9474-1A3956D46DE8}") = "DemoPlugin", "DemoPlugin", "{33571A98-BD5C-48A7-9EB3-1CC8CC4C0E0D}"
EndProject
Project("{2150E333-8FDC-42A3-9474-1A3956D46DE8}") = "KeyLogger", "KeyLogger", "{80C0099C-2AA0-4322-B6DA-D43D65290735}"
EndProject
Project("{2150E333-8FDC-42A3-9474-1A3956D46DE8}") = "MsgBox", "MsgBox", "{0264A432-644A-4C04-8F4C-2C2E7C4CCF7A}"
EndProject
Project("{2150E333-8FDC-42A3-9474-1A3956D46DE8}") = "NetworkFunctions", "NetworkFunctions", "{F142C960-FD1B-4D5C-8524-2AA2DE93A33C}"
EndProject
Project("{2150E333-8FDC-42A3-9474-1A3956D46DE8}") = "PrintManager", "PrintManager", "{7D2C91EE-C706-43EF-890D-8E1E8F179E7D}"
EndProject
Project("{2150E333-8FDC-42A3-9474-1A3956D46DE8}") = "ProcessManager", "ProcessManager", "{A07955C0-8547-49CA-8F01-428530911D0B}"
EndProject
Project("{2150E333-8FDC-42A3-9474-1A3956D46DE8}") = "RDPCapture", "RDPCapture", "{7A34C7E0-4CEB-49D9-9663-DEA74BB2A8DC}"
EndProject
Project("{2150E333-8FDC-42A3-9474-1A3956D46DE8}") = "RemoteSearch", "RemoteSearch", "{6CA8D917-B34B-4E8D-8220-85B95566B4A0}"
EndProject
Project("{2150E333-8FDC-42A3-9474-1A3956D46DE8}") = "SSH", "SSH", "{4B48AE99-D195-4D06-9F54-FA3366AB4551}"
EndProject
Project("{2150E333-8FDC-42A3-9474-1A3956D46DE8}") = "ExtendedScripts", "ExtendedScripts", "{DBD06491-1A72-4314-B132-5165C82DA20F}"
EndProject
Project("{2150E333-8FDC-42A3-9474-1A3956D46DE8}") = "SoundCapture", "SoundCapture", "{E84CE733-1EA4-415F-AB14-DBF0819534FB}"
EndProject
Project("{2150E333-8FDC-42A3-9474-1A3956D46DE8}") = "SystemManager", "SystemManager", "{C4C9AD1C-F476-4D2A-A386-D0CC459A1189}"
EndProject
Project("{2150E333-8FDC-42A3-9474-1A3956D46DE8}") = "TorrentSeeder", "TorrentSeeder", "{EACF6574-4E5F-40CF-AAA7-5F4E6BFCC101}"
EndProject
Project("{2150E333-8FDC-42A3-9474-1A3956D46DE8}") = "WebcamCapture", "WebcamCapture", "{7ADB51E8-7CA6-42FE-8561-11B95FA0AD92}"
EndProject
Project("{FAE04EC0-301F-11D3-BF4B-00C04F79EFBC}") = "ClipboardManager.Client", "ClipboardManager\ClipboardManager.Client\ClipboardManager.Client.csproj", "{1BD57993-EA78-4915-BDC4-A108753A23AC}"
EndProject
Project("{FAE04EC0-301F-11D3-BF4B-00C04F79EFBC}") = "ClipboardManager.Stub", "ClipboardManager\ClipboardManager.Stub\ClipboardManager.Stub.csproj", "{77FD5C96-660E-47F8-8C93-3741106DBBAA}"
EndProject
Project("{2150E333-8FDC-42A3-9474-1A3956D46DE8}") = "DatabaseManager", "DatabaseManager", "{8F72A449-4325-4642-B29A-8B7E39FA0F11}"
EndProject
Project("{FAE04EC0-301F-11D3-BF4B-00C04F79EFBC}") = "DatabaseManager.Client", "DatabaseManager\DatabaseManager.Client\DatabaseManager.Client.csproj", "{9B23986C-66AC-48D0-A52C-8172A0E6CA91}"
EndProject
Project("{FAE04EC0-301F-11D3-BF4B-00C04F79EFBC}") = "DatabaseManager.Server", "DatabaseManager\DatabaseManager.Server\DatabaseManager.Server.csproj", "{3DAE27CA-C4A3-4E3D-A626-C631F6BF551F}"
EndProject
Project("{2150E333-8FDC-42A3-9474-1A3956D46DE8}") = "FileManager", "FileManager", "{1ED02F0C-2F00-4678-99B0-C9A14E18CE2D}"
EndProject
Project("{2150E333-8FDC-42A3-9474-1A3956D46DE8}") = "UserNotes", "UserNotes", "{F4C43B1B-89B8-4FDF-A77E-F19C47AA9E32}"
EndProject
Project("{2150E333-8FDC-42A3-9474-1A3956D46DE8}") = "Chat", "Chat", "{1243A57F-C644-4ADF-92B5-EC70064A21DD}"
EndProject
Project("{FAE04EC0-301F-11D3-BF4B-00C04F79EFBC}") = "Chat.Client", "Chat\Chat.Client\Chat.Client.csproj", "{D1ECB8E9-A3E2-464D-80C0-6B0915896E08}"
EndProject
Project("{FAE04EC0-301F-11D3-BF4B-00C04F79EFBC}") = "Chat.Stub", "Chat\Chat.Stub\Chat.Stub.csproj", "{545E4463-590E-4416-B93F-5EE1C8D2C561}"
EndProject
Project("{FAE04EC0-301F-11D3-BF4B-00C04F79EFBC}") = "Chat.Server", "Chat\Chat.Server\Chat.Server.csproj", "{7E06E399-9A3C-4997-8351-9E44E02B9C40}"
EndProject
Project("{2150E333-8FDC-42A3-9474-1A3956D46DE8}") = "MediaManager", "MediaManager", "{69531B04-4275-4553-9306-07703731E720}"
EndProject
Project("{FAE04EC0-301F-11D3-BF4B-00C04F79EFBC}") = "MediaManager.Client", "MediaManager\MediaManager.Client\MediaManager.Client.csproj", "{B6703DA2-4029-410C-8ED5-EEF2408657D3}"
EndProject
Project("{FAE04EC0-301F-11D3-BF4B-00C04F79EFBC}") = "ExtendedScripts.Client", "ExtendedScripts\ExtendedScripts.Client\ExtendedScripts.Client.csproj", "{086AEBE0-634B-42B7-9484-1D1796593CAE}"
EndProject
Project("{FAE04EC0-301F-11D3-BF4B-00C04F79EFBC}") = "ExtendedScripts.Stub", "ExtendedScripts\ExtendedScripts.Stub\ExtendedScripts.Stub.csproj", "{3C722A19-1AD2-4310-B5A5-2BAA7FB906FB}"
EndProject
Project("{FAE04EC0-301F-11D3-BF4B-00C04F79EFBC}") = "NppExtendedScripts", "ExtendedScripts\NppExtendedScripts\NppExtendedScripts.csproj", "{FCD8F83B-A149-4CBE-8446-AE4DB9255F45}"
EndProject
Project("{FAE04EC0-301F-11D3-BF4B-00C04F79EFBC}") = "SSH.Client", "SSH\SSH.Client\SSH.Client.csproj", "{8F202651-9ADC-404E-8A18-4927B223F114}"
EndProject
Project("{FAE04EC0-301F-11D3-BF4B-00C04F79EFBC}") = "SSH.Stub", "SSH\SSH.Stub\SSH.Stub.csproj", "{E786BDC5-FC24-4146-8F22-3EED6B5C9E15}"
EndProject
Project("{FAE04EC0-301F-11D3-BF4B-00C04F79EFBC}") = "FileManager.Client", "FileManager\FileManager.Client\FileManager.Client.csproj", "{0DAAB3EF-A6F0-4924-AC5F-9B81FD5F2A50}"
EndProject
Project("{2150E333-8FDC-42A3-9474-1A3956D46DE8}") = "aServices", "aServices", "{791F97DF-AA10-4742-8DB9-CE3C30179876}"
EndProject
Project("{2150E333-8FDC-42A3-9474-1A3956D46DE8}") = "aMonitor", "aMonitor", "{04C1F81F-ED3A-48F2-9FB7-8AB924425365}"
EndProject
Project("{2150E333-8FDC-42A3-9474-1A3956D46DE8}") = "aSystem", "aSystem", "{55222E2B-E744-4AC5-BFCF-11E9121209BA}"
EndProject
Project("{2150E333-8FDC-42A3-9474-1A3956D46DE8}") = "aMisc", "aMisc", "{1EF1EE0D-EF50-4401-87F2-BD94E3004CE0}"
EndProject
Project("{2150E333-8FDC-42A3-9474-1A3956D46DE8}") = "aOther", "aOther", "{FB8BB74D-3C3D-4B17-B420-3F4D4B5A1B76}"
EndProject
Project("{2150E333-8FDC-42A3-9474-1A3956D46DE8}") = "cTools", "cTools", "{13267B83-4C5E-48C9-B5A8-9E62831DAF8F}"
EndProject
Project("{2150E333-8FDC-42A3-9474-1A3956D46DE8}") = "iTools", "iTools", "{83BCC213-7888-4F20-ADD9-D8DC07481282}"
EndProject
Global
	GlobalSection(SolutionConfigurationPlatforms) = preSolution
		Debug|Any CPU = Debug|Any CPU
		Release|Any CPU = Release|Any CPU
	EndGlobalSection
	GlobalSection(ProjectConfigurationPlatforms) = postSolution
		{615C6D8D-7CFB-4D5A-86BC-DD7EE3E78207}.Debug|Any CPU.ActiveCfg = Debug|Any CPU
		{615C6D8D-7CFB-4D5A-86BC-DD7EE3E78207}.Debug|Any CPU.Build.0 = Debug|Any CPU
		{615C6D8D-7CFB-4D5A-86BC-DD7EE3E78207}.Release|Any CPU.ActiveCfg = Release|Any CPU
		{615C6D8D-7CFB-4D5A-86BC-DD7EE3E78207}.Release|Any CPU.Build.0 = Release|Any CPU
		{955E2EB3-440A-486B-A7A9-96A94518D541}.Debug|Any CPU.ActiveCfg = Debug|Any CPU
		{955E2EB3-440A-486B-A7A9-96A94518D541}.Debug|Any CPU.Build.0 = Debug|Any CPU
		{955E2EB3-440A-486B-A7A9-96A94518D541}.Release|Any CPU.ActiveCfg = Release|Any CPU
		{955E2EB3-440A-486B-A7A9-96A94518D541}.Release|Any CPU.Build.0 = Release|Any CPU
		{1686861D-8940-4F87-990E-B8134D15F434}.Debug|Any CPU.ActiveCfg = Debug|Any CPU
		{1686861D-8940-4F87-990E-B8134D15F434}.Debug|Any CPU.Build.0 = Debug|Any CPU
		{1686861D-8940-4F87-990E-B8134D15F434}.Release|Any CPU.ActiveCfg = Release|Any CPU
		{1686861D-8940-4F87-990E-B8134D15F434}.Release|Any CPU.Build.0 = Release|Any CPU
		{07FAD396-9D38-467A-965E-2069ECB5A404}.Debug|Any CPU.ActiveCfg = Debug|Any CPU
		{07FAD396-9D38-467A-965E-2069ECB5A404}.Debug|Any CPU.Build.0 = Debug|Any CPU
		{07FAD396-9D38-467A-965E-2069ECB5A404}.Release|Any CPU.ActiveCfg = Release|Any CPU
		{07FAD396-9D38-467A-965E-2069ECB5A404}.Release|Any CPU.Build.0 = Release|Any CPU
		{75D494A0-9DD0-49BD-B672-5C9E1491E945}.Debug|Any CPU.ActiveCfg = Debug|Any CPU
		{75D494A0-9DD0-49BD-B672-5C9E1491E945}.Debug|Any CPU.Build.0 = Debug|Any CPU
		{75D494A0-9DD0-49BD-B672-5C9E1491E945}.Release|Any CPU.ActiveCfg = Release|Any CPU
		{75D494A0-9DD0-49BD-B672-5C9E1491E945}.Release|Any CPU.Build.0 = Release|Any CPU
		{BF7F1F94-3019-4D63-BEE7-71D63757CD23}.Debug|Any CPU.ActiveCfg = Debug|Any CPU
		{BF7F1F94-3019-4D63-BEE7-71D63757CD23}.Debug|Any CPU.Build.0 = Debug|Any CPU
		{BF7F1F94-3019-4D63-BEE7-71D63757CD23}.Release|Any CPU.ActiveCfg = Release|Any CPU
		{BF7F1F94-3019-4D63-BEE7-71D63757CD23}.Release|Any CPU.Build.0 = Release|Any CPU
		{536FE286-A75E-482B-85A3-6E54B4F83C94}.Debug|Any CPU.ActiveCfg = Debug|Any CPU
		{536FE286-A75E-482B-85A3-6E54B4F83C94}.Debug|Any CPU.Build.0 = Debug|Any CPU
		{536FE286-A75E-482B-85A3-6E54B4F83C94}.Release|Any CPU.ActiveCfg = Release|Any CPU
		{536FE286-A75E-482B-85A3-6E54B4F83C94}.Release|Any CPU.Build.0 = Release|Any CPU
		{A8004ABD-76D6-4285-9D03-D88A9E5C2F82}.Debug|Any CPU.ActiveCfg = Debug|Any CPU
		{A8004ABD-76D6-4285-9D03-D88A9E5C2F82}.Debug|Any CPU.Build.0 = Debug|Any CPU
		{A8004ABD-76D6-4285-9D03-D88A9E5C2F82}.Release|Any CPU.ActiveCfg = Release|Any CPU
		{A8004ABD-76D6-4285-9D03-D88A9E5C2F82}.Release|Any CPU.Build.0 = Release|Any CPU
		{3E2FC6DD-3D44-44A4-8941-CDCB77C3C130}.Debug|Any CPU.ActiveCfg = Debug|Any CPU
		{3E2FC6DD-3D44-44A4-8941-CDCB77C3C130}.Debug|Any CPU.Build.0 = Debug|Any CPU
		{3E2FC6DD-3D44-44A4-8941-CDCB77C3C130}.Release|Any CPU.ActiveCfg = Release|Any CPU
		{3E2FC6DD-3D44-44A4-8941-CDCB77C3C130}.Release|Any CPU.Build.0 = Release|Any CPU
		{1B13DE01-DE67-4A43-ABE8-7CE68F4A065F}.Debug|Any CPU.ActiveCfg = Debug|Any CPU
		{1B13DE01-DE67-4A43-ABE8-7CE68F4A065F}.Debug|Any CPU.Build.0 = Debug|Any CPU
		{1B13DE01-DE67-4A43-ABE8-7CE68F4A065F}.Release|Any CPU.ActiveCfg = Release|Any CPU
		{1B13DE01-DE67-4A43-ABE8-7CE68F4A065F}.Release|Any CPU.Build.0 = Release|Any CPU
		{3A8B8074-6381-4D39-BC07-684E365B585A}.Debug|Any CPU.ActiveCfg = Debug|Any CPU
		{3A8B8074-6381-4D39-BC07-684E365B585A}.Debug|Any CPU.Build.0 = Debug|Any CPU
		{3A8B8074-6381-4D39-BC07-684E365B585A}.Release|Any CPU.ActiveCfg = Release|Any CPU
		{3A8B8074-6381-4D39-BC07-684E365B585A}.Release|Any CPU.Build.0 = Release|Any CPU
		{32B82443-D641-4287-8AFE-5B29F28BF2EA}.Debug|Any CPU.ActiveCfg = Debug|Any CPU
		{32B82443-D641-4287-8AFE-5B29F28BF2EA}.Debug|Any CPU.Build.0 = Debug|Any CPU
		{32B82443-D641-4287-8AFE-5B29F28BF2EA}.Release|Any CPU.ActiveCfg = Release|Any CPU
		{32B82443-D641-4287-8AFE-5B29F28BF2EA}.Release|Any CPU.Build.0 = Release|Any CPU
		{E8CF9360-CD58-4B93-879C-974E461DD688}.Debug|Any CPU.ActiveCfg = Debug|Any CPU
		{E8CF9360-CD58-4B93-879C-974E461DD688}.Debug|Any CPU.Build.0 = Debug|Any CPU
		{E8CF9360-CD58-4B93-879C-974E461DD688}.Release|Any CPU.ActiveCfg = Release|Any CPU
		{E8CF9360-CD58-4B93-879C-974E461DD688}.Release|Any CPU.Build.0 = Release|Any CPU
		{3E32947C-F0F7-4612-8E63-679822633C3E}.Debug|Any CPU.ActiveCfg = Debug|Any CPU
		{3E32947C-F0F7-4612-8E63-679822633C3E}.Debug|Any CPU.Build.0 = Debug|Any CPU
		{3E32947C-F0F7-4612-8E63-679822633C3E}.Release|Any CPU.ActiveCfg = Release|Any CPU
		{3E32947C-F0F7-4612-8E63-679822633C3E}.Release|Any CPU.Build.0 = Release|Any CPU
		{2E2D9ABB-D822-408C-BB84-13736D83EAF2}.Debug|Any CPU.ActiveCfg = Debug|Any CPU
		{2E2D9ABB-D822-408C-BB84-13736D83EAF2}.Debug|Any CPU.Build.0 = Debug|Any CPU
		{2E2D9ABB-D822-408C-BB84-13736D83EAF2}.Release|Any CPU.ActiveCfg = Release|Any CPU
		{2E2D9ABB-D822-408C-BB84-13736D83EAF2}.Release|Any CPU.Build.0 = Release|Any CPU
		{37354FDF-99F5-48BF-B6DD-069867F7FD44}.Debug|Any CPU.ActiveCfg = Debug|Any CPU
		{37354FDF-99F5-48BF-B6DD-069867F7FD44}.Debug|Any CPU.Build.0 = Debug|Any CPU
		{37354FDF-99F5-48BF-B6DD-069867F7FD44}.Release|Any CPU.ActiveCfg = Release|Any CPU
		{37354FDF-99F5-48BF-B6DD-069867F7FD44}.Release|Any CPU.Build.0 = Release|Any CPU
		{AD70B5EA-3AF8-42EA-9DEE-C2A613E86C2A}.Debug|Any CPU.ActiveCfg = Debug|Any CPU
		{AD70B5EA-3AF8-42EA-9DEE-C2A613E86C2A}.Debug|Any CPU.Build.0 = Debug|Any CPU
		{AD70B5EA-3AF8-42EA-9DEE-C2A613E86C2A}.Release|Any CPU.ActiveCfg = Release|Any CPU
		{AD70B5EA-3AF8-42EA-9DEE-C2A613E86C2A}.Release|Any CPU.Build.0 = Release|Any CPU
		{45C280CF-1E6A-4EB3-8757-5A4DB16C7A05}.Debug|Any CPU.ActiveCfg = Debug|Any CPU
		{45C280CF-1E6A-4EB3-8757-5A4DB16C7A05}.Debug|Any CPU.Build.0 = Debug|Any CPU
		{45C280CF-1E6A-4EB3-8757-5A4DB16C7A05}.Release|Any CPU.ActiveCfg = Release|Any CPU
		{45C280CF-1E6A-4EB3-8757-5A4DB16C7A05}.Release|Any CPU.Build.0 = Release|Any CPU
		{31A5E2A3-1D75-4DEE-810D-1E8A1FAA367F}.Debug|Any CPU.ActiveCfg = Debug|Any CPU
		{31A5E2A3-1D75-4DEE-810D-1E8A1FAA367F}.Debug|Any CPU.Build.0 = Debug|Any CPU
		{31A5E2A3-1D75-4DEE-810D-1E8A1FAA367F}.Release|Any CPU.ActiveCfg = Release|Any CPU
		{31A5E2A3-1D75-4DEE-810D-1E8A1FAA367F}.Release|Any CPU.Build.0 = Release|Any CPU
		{9FEB1072-415C-4E96-AA33-31C3D03D529F}.Debug|Any CPU.ActiveCfg = Debug|Any CPU
		{9FEB1072-415C-4E96-AA33-31C3D03D529F}.Debug|Any CPU.Build.0 = Debug|Any CPU
		{9FEB1072-415C-4E96-AA33-31C3D03D529F}.Release|Any CPU.ActiveCfg = Release|Any CPU
		{9FEB1072-415C-4E96-AA33-31C3D03D529F}.Release|Any CPU.Build.0 = Release|Any CPU
		{1E45B31D-E951-4285-8DCA-E09A992A1E3F}.Debug|Any CPU.ActiveCfg = Debug|Any CPU
		{1E45B31D-E951-4285-8DCA-E09A992A1E3F}.Debug|Any CPU.Build.0 = Debug|Any CPU
		{1E45B31D-E951-4285-8DCA-E09A992A1E3F}.Release|Any CPU.ActiveCfg = Release|Any CPU
		{1E45B31D-E951-4285-8DCA-E09A992A1E3F}.Release|Any CPU.Build.0 = Release|Any CPU
		{817F91AF-EB7D-477C-8737-74B7FC7F284A}.Debug|Any CPU.ActiveCfg = Debug|Any CPU
		{817F91AF-EB7D-477C-8737-74B7FC7F284A}.Debug|Any CPU.Build.0 = Debug|Any CPU
		{817F91AF-EB7D-477C-8737-74B7FC7F284A}.Release|Any CPU.ActiveCfg = Release|Any CPU
		{817F91AF-EB7D-477C-8737-74B7FC7F284A}.Release|Any CPU.Build.0 = Release|Any CPU
		{5C2E2035-3E70-455C-92C9-8F35314D2B25}.Debug|Any CPU.ActiveCfg = Debug|Any CPU
		{5C2E2035-3E70-455C-92C9-8F35314D2B25}.Debug|Any CPU.Build.0 = Debug|Any CPU
		{5C2E2035-3E70-455C-92C9-8F35314D2B25}.Release|Any CPU.ActiveCfg = Release|Any CPU
		{5C2E2035-3E70-455C-92C9-8F35314D2B25}.Release|Any CPU.Build.0 = Release|Any CPU
		{9E2E16B4-B0F9-446F-8AB6-85C53A2F8086}.Debug|Any CPU.ActiveCfg = Debug|Any CPU
		{9E2E16B4-B0F9-446F-8AB6-85C53A2F8086}.Debug|Any CPU.Build.0 = Debug|Any CPU
		{9E2E16B4-B0F9-446F-8AB6-85C53A2F8086}.Release|Any CPU.ActiveCfg = Release|Any CPU
		{9E2E16B4-B0F9-446F-8AB6-85C53A2F8086}.Release|Any CPU.Build.0 = Release|Any CPU
		{ED2778D6-D22D-4034-BD72-CF9B668A60B0}.Debug|Any CPU.ActiveCfg = Debug|Any CPU
		{ED2778D6-D22D-4034-BD72-CF9B668A60B0}.Debug|Any CPU.Build.0 = Debug|Any CPU
		{ED2778D6-D22D-4034-BD72-CF9B668A60B0}.Release|Any CPU.ActiveCfg = Release|Any CPU
		{ED2778D6-D22D-4034-BD72-CF9B668A60B0}.Release|Any CPU.Build.0 = Release|Any CPU
		{670D00CE-9AEE-4250-A6E0-13F5159C62E0}.Debug|Any CPU.ActiveCfg = Debug|Any CPU
		{670D00CE-9AEE-4250-A6E0-13F5159C62E0}.Debug|Any CPU.Build.0 = Debug|Any CPU
		{670D00CE-9AEE-4250-A6E0-13F5159C62E0}.Release|Any CPU.ActiveCfg = Release|Any CPU
		{670D00CE-9AEE-4250-A6E0-13F5159C62E0}.Release|Any CPU.Build.0 = Release|Any CPU
		{5D817E81-39EA-4442-A985-084107EF36AF}.Debug|Any CPU.ActiveCfg = Debug|Any CPU
		{5D817E81-39EA-4442-A985-084107EF36AF}.Debug|Any CPU.Build.0 = Debug|Any CPU
		{5D817E81-39EA-4442-A985-084107EF36AF}.Release|Any CPU.ActiveCfg = Release|Any CPU
		{5D817E81-39EA-4442-A985-084107EF36AF}.Release|Any CPU.Build.0 = Release|Any CPU
		{D46D10CA-7CCB-4DD1-A384-48B2440395BA}.Debug|Any CPU.ActiveCfg = Debug|Any CPU
		{D46D10CA-7CCB-4DD1-A384-48B2440395BA}.Debug|Any CPU.Build.0 = Debug|Any CPU
		{D46D10CA-7CCB-4DD1-A384-48B2440395BA}.Release|Any CPU.ActiveCfg = Release|Any CPU
		{D46D10CA-7CCB-4DD1-A384-48B2440395BA}.Release|Any CPU.Build.0 = Release|Any CPU
		{13205F2F-698F-4DA5-99FF-1907889AB55C}.Debug|Any CPU.ActiveCfg = Debug|Any CPU
		{13205F2F-698F-4DA5-99FF-1907889AB55C}.Debug|Any CPU.Build.0 = Debug|Any CPU
		{13205F2F-698F-4DA5-99FF-1907889AB55C}.Release|Any CPU.ActiveCfg = Release|Any CPU
		{13205F2F-698F-4DA5-99FF-1907889AB55C}.Release|Any CPU.Build.0 = Release|Any CPU
		{8A42F2B0-3C16-4BFC-96BE-9FDFAB0ADE25}.Debug|Any CPU.ActiveCfg = Debug|Any CPU
		{8A42F2B0-3C16-4BFC-96BE-9FDFAB0ADE25}.Debug|Any CPU.Build.0 = Debug|Any CPU
		{8A42F2B0-3C16-4BFC-96BE-9FDFAB0ADE25}.Release|Any CPU.ActiveCfg = Release|Any CPU
		{8A42F2B0-3C16-4BFC-96BE-9FDFAB0ADE25}.Release|Any CPU.Build.0 = Release|Any CPU
		{8672131B-BF8D-4EEF-8018-7FB3FDB70E0B}.Debug|Any CPU.ActiveCfg = Debug|Any CPU
		{8672131B-BF8D-4EEF-8018-7FB3FDB70E0B}.Debug|Any CPU.Build.0 = Debug|Any CPU
		{8672131B-BF8D-4EEF-8018-7FB3FDB70E0B}.Release|Any CPU.ActiveCfg = Release|Any CPU
		{8672131B-BF8D-4EEF-8018-7FB3FDB70E0B}.Release|Any CPU.Build.0 = Release|Any CPU
		{68FBF8C6-580E-4A69-B459-E342EB9155E0}.Debug|Any CPU.ActiveCfg = Debug|Any CPU
		{68FBF8C6-580E-4A69-B459-E342EB9155E0}.Debug|Any CPU.Build.0 = Debug|Any CPU
		{68FBF8C6-580E-4A69-B459-E342EB9155E0}.Release|Any CPU.ActiveCfg = Release|Any CPU
		{68FBF8C6-580E-4A69-B459-E342EB9155E0}.Release|Any CPU.Build.0 = Release|Any CPU
		{09A6B9A3-D2FB-4BE7-96B2-7C3BD8885676}.Debug|Any CPU.ActiveCfg = Debug|Any CPU
		{09A6B9A3-D2FB-4BE7-96B2-7C3BD8885676}.Debug|Any CPU.Build.0 = Debug|Any CPU
		{09A6B9A3-D2FB-4BE7-96B2-7C3BD8885676}.Release|Any CPU.ActiveCfg = Release|Any CPU
		{09A6B9A3-D2FB-4BE7-96B2-7C3BD8885676}.Release|Any CPU.Build.0 = Release|Any CPU
		{2A1EDEB8-9BDF-4701-AC6B-E85D74236399}.Debug|Any CPU.ActiveCfg = Debug|Any CPU
		{2A1EDEB8-9BDF-4701-AC6B-E85D74236399}.Debug|Any CPU.Build.0 = Debug|Any CPU
		{2A1EDEB8-9BDF-4701-AC6B-E85D74236399}.Release|Any CPU.ActiveCfg = Release|Any CPU
		{2A1EDEB8-9BDF-4701-AC6B-E85D74236399}.Release|Any CPU.Build.0 = Release|Any CPU
		{5CC69D13-C2B4-4A50-9FE8-3CF30D45B25C}.Debug|Any CPU.ActiveCfg = Debug|Any CPU
		{5CC69D13-C2B4-4A50-9FE8-3CF30D45B25C}.Debug|Any CPU.Build.0 = Debug|Any CPU
		{5CC69D13-C2B4-4A50-9FE8-3CF30D45B25C}.Release|Any CPU.ActiveCfg = Release|Any CPU
		{5CC69D13-C2B4-4A50-9FE8-3CF30D45B25C}.Release|Any CPU.Build.0 = Release|Any CPU
		{1A828119-84B6-409F-B616-2B8491AB9048}.Debug|Any CPU.ActiveCfg = Debug|Any CPU
		{1A828119-84B6-409F-B616-2B8491AB9048}.Debug|Any CPU.Build.0 = Debug|Any CPU
		{1A828119-84B6-409F-B616-2B8491AB9048}.Release|Any CPU.ActiveCfg = Release|Any CPU
		{1A828119-84B6-409F-B616-2B8491AB9048}.Release|Any CPU.Build.0 = Release|Any CPU
		{1BD57993-EA78-4915-BDC4-A108753A23AC}.Debug|Any CPU.ActiveCfg = Debug|Any CPU
		{1BD57993-EA78-4915-BDC4-A108753A23AC}.Debug|Any CPU.Build.0 = Debug|Any CPU
		{1BD57993-EA78-4915-BDC4-A108753A23AC}.Release|Any CPU.ActiveCfg = Release|Any CPU
		{1BD57993-EA78-4915-BDC4-A108753A23AC}.Release|Any CPU.Build.0 = Release|Any CPU
		{77FD5C96-660E-47F8-8C93-3741106DBBAA}.Debug|Any CPU.ActiveCfg = Debug|Any CPU
		{77FD5C96-660E-47F8-8C93-3741106DBBAA}.Debug|Any CPU.Build.0 = Debug|Any CPU
		{77FD5C96-660E-47F8-8C93-3741106DBBAA}.Release|Any CPU.ActiveCfg = Release|Any CPU
		{77FD5C96-660E-47F8-8C93-3741106DBBAA}.Release|Any CPU.Build.0 = Release|Any CPU
		{9B23986C-66AC-48D0-A52C-8172A0E6CA91}.Debug|Any CPU.ActiveCfg = Debug|Any CPU
		{9B23986C-66AC-48D0-A52C-8172A0E6CA91}.Debug|Any CPU.Build.0 = Debug|Any CPU
		{9B23986C-66AC-48D0-A52C-8172A0E6CA91}.Release|Any CPU.ActiveCfg = Release|Any CPU
		{9B23986C-66AC-48D0-A52C-8172A0E6CA91}.Release|Any CPU.Build.0 = Release|Any CPU
		{3DAE27CA-C4A3-4E3D-A626-C631F6BF551F}.Debug|Any CPU.ActiveCfg = Debug|Any CPU
		{3DAE27CA-C4A3-4E3D-A626-C631F6BF551F}.Debug|Any CPU.Build.0 = Debug|Any CPU
		{3DAE27CA-C4A3-4E3D-A626-C631F6BF551F}.Release|Any CPU.ActiveCfg = Release|Any CPU
		{3DAE27CA-C4A3-4E3D-A626-C631F6BF551F}.Release|Any CPU.Build.0 = Release|Any CPU
		{D1ECB8E9-A3E2-464D-80C0-6B0915896E08}.Debug|Any CPU.ActiveCfg = Debug|Any CPU
		{D1ECB8E9-A3E2-464D-80C0-6B0915896E08}.Debug|Any CPU.Build.0 = Debug|Any CPU
		{D1ECB8E9-A3E2-464D-80C0-6B0915896E08}.Release|Any CPU.ActiveCfg = Release|Any CPU
		{D1ECB8E9-A3E2-464D-80C0-6B0915896E08}.Release|Any CPU.Build.0 = Release|Any CPU
		{545E4463-590E-4416-B93F-5EE1C8D2C561}.Debug|Any CPU.ActiveCfg = Debug|Any CPU
		{545E4463-590E-4416-B93F-5EE1C8D2C561}.Debug|Any CPU.Build.0 = Debug|Any CPU
		{545E4463-590E-4416-B93F-5EE1C8D2C561}.Release|Any CPU.ActiveCfg = Release|Any CPU
		{545E4463-590E-4416-B93F-5EE1C8D2C561}.Release|Any CPU.Build.0 = Release|Any CPU
		{7E06E399-9A3C-4997-8351-9E44E02B9C40}.Debug|Any CPU.ActiveCfg = Debug|Any CPU
		{7E06E399-9A3C-4997-8351-9E44E02B9C40}.Debug|Any CPU.Build.0 = Debug|Any CPU
		{7E06E399-9A3C-4997-8351-9E44E02B9C40}.Release|Any CPU.ActiveCfg = Release|Any CPU
		{7E06E399-9A3C-4997-8351-9E44E02B9C40}.Release|Any CPU.Build.0 = Release|Any CPU
		{B6703DA2-4029-410C-8ED5-EEF2408657D3}.Debug|Any CPU.ActiveCfg = Debug|Any CPU
		{B6703DA2-4029-410C-8ED5-EEF2408657D3}.Debug|Any CPU.Build.0 = Debug|Any CPU
		{B6703DA2-4029-410C-8ED5-EEF2408657D3}.Release|Any CPU.ActiveCfg = Release|Any CPU
		{B6703DA2-4029-410C-8ED5-EEF2408657D3}.Release|Any CPU.Build.0 = Release|Any CPU
		{086AEBE0-634B-42B7-9484-1D1796593CAE}.Debug|Any CPU.ActiveCfg = Debug|Any CPU
		{086AEBE0-634B-42B7-9484-1D1796593CAE}.Debug|Any CPU.Build.0 = Debug|Any CPU
		{086AEBE0-634B-42B7-9484-1D1796593CAE}.Release|Any CPU.ActiveCfg = Release|Any CPU
		{086AEBE0-634B-42B7-9484-1D1796593CAE}.Release|Any CPU.Build.0 = Release|Any CPU
		{3C722A19-1AD2-4310-B5A5-2BAA7FB906FB}.Debug|Any CPU.ActiveCfg = Debug|Any CPU
		{3C722A19-1AD2-4310-B5A5-2BAA7FB906FB}.Debug|Any CPU.Build.0 = Debug|Any CPU
		{3C722A19-1AD2-4310-B5A5-2BAA7FB906FB}.Release|Any CPU.ActiveCfg = Release|Any CPU
		{3C722A19-1AD2-4310-B5A5-2BAA7FB906FB}.Release|Any CPU.Build.0 = Release|Any CPU
		{FCD8F83B-A149-4CBE-8446-AE4DB9255F45}.Debug|Any CPU.ActiveCfg = Debug|Any CPU
		{FCD8F83B-A149-4CBE-8446-AE4DB9255F45}.Debug|Any CPU.Build.0 = Debug|Any CPU
		{FCD8F83B-A149-4CBE-8446-AE4DB9255F45}.Release|Any CPU.ActiveCfg = Release|Any CPU
		{FCD8F83B-A149-4CBE-8446-AE4DB9255F45}.Release|Any CPU.Build.0 = Release|Any CPU
		{8F202651-9ADC-404E-8A18-4927B223F114}.Debug|Any CPU.ActiveCfg = Debug|Any CPU
		{8F202651-9ADC-404E-8A18-4927B223F114}.Debug|Any CPU.Build.0 = Debug|Any CPU
		{8F202651-9ADC-404E-8A18-4927B223F114}.Release|Any CPU.ActiveCfg = Release|Any CPU
		{8F202651-9ADC-404E-8A18-4927B223F114}.Release|Any CPU.Build.0 = Release|Any CPU
		{E786BDC5-FC24-4146-8F22-3EED6B5C9E15}.Debug|Any CPU.ActiveCfg = Debug|Any CPU
		{E786BDC5-FC24-4146-8F22-3EED6B5C9E15}.Debug|Any CPU.Build.0 = Debug|Any CPU
		{E786BDC5-FC24-4146-8F22-3EED6B5C9E15}.Release|Any CPU.ActiveCfg = Release|Any CPU
		{E786BDC5-FC24-4146-8F22-3EED6B5C9E15}.Release|Any CPU.Build.0 = Release|Any CPU
		{0DAAB3EF-A6F0-4924-AC5F-9B81FD5F2A50}.Debug|Any CPU.ActiveCfg = Debug|Any CPU
		{0DAAB3EF-A6F0-4924-AC5F-9B81FD5F2A50}.Debug|Any CPU.Build.0 = Debug|Any CPU
		{0DAAB3EF-A6F0-4924-AC5F-9B81FD5F2A50}.Release|Any CPU.ActiveCfg = Release|Any CPU
		{0DAAB3EF-A6F0-4924-AC5F-9B81FD5F2A50}.Release|Any CPU.Build.0 = Release|Any CPU
	EndGlobalSection
	GlobalSection(SolutionProperties) = preSolution
		HideSolutionNode = FALSE
	EndGlobalSection
	GlobalSection(NestedProjects) = preSolution
		{615C6D8D-7CFB-4D5A-86BC-DD7EE3E78207} = {33571A98-BD5C-48A7-9EB3-1CC8CC4C0E0D}
		{955E2EB3-440A-486B-A7A9-96A94518D541} = {33571A98-BD5C-48A7-9EB3-1CC8CC4C0E0D}
		{1686861D-8940-4F87-990E-B8134D15F434} = {33571A98-BD5C-48A7-9EB3-1CC8CC4C0E0D}
		{07FAD396-9D38-467A-965E-2069ECB5A404} = {E62AFDA8-3FA1-4DDC-8609-4C2FF44BBE0B}
		{75D494A0-9DD0-49BD-B672-5C9E1491E945} = {E62AFDA8-3FA1-4DDC-8609-4C2FF44BBE0B}
		{BF7F1F94-3019-4D63-BEE7-71D63757CD23} = {33571A98-BD5C-48A7-9EB3-1CC8CC4C0E0D}
		{536FE286-A75E-482B-85A3-6E54B4F83C94} = {E35D6D83-B9FF-4ECF-B610-EEC4A66E8A86}
		{A8004ABD-76D6-4285-9D03-D88A9E5C2F82} = {8646AE22-1E3E-46CA-9739-AB714B8117C0}
		{3E2FC6DD-3D44-44A4-8941-CDCB77C3C130} = {8646AE22-1E3E-46CA-9739-AB714B8117C0}
		{1B13DE01-DE67-4A43-ABE8-7CE68F4A065F} = {8646AE22-1E3E-46CA-9739-AB714B8117C0}
		{3A8B8074-6381-4D39-BC07-684E365B585A} = {80C0099C-2AA0-4322-B6DA-D43D65290735}
		{32B82443-D641-4287-8AFE-5B29F28BF2EA} = {80C0099C-2AA0-4322-B6DA-D43D65290735}
		{E8CF9360-CD58-4B93-879C-974E461DD688} = {0264A432-644A-4C04-8F4C-2C2E7C4CCF7A}
		{3E32947C-F0F7-4612-8E63-679822633C3E} = {0264A432-644A-4C04-8F4C-2C2E7C4CCF7A}
		{2E2D9ABB-D822-408C-BB84-13736D83EAF2} = {F142C960-FD1B-4D5C-8524-2AA2DE93A33C}
		{37354FDF-99F5-48BF-B6DD-069867F7FD44} = {F142C960-FD1B-4D5C-8524-2AA2DE93A33C}
		{AD70B5EA-3AF8-42EA-9DEE-C2A613E86C2A} = {7D2C91EE-C706-43EF-890D-8E1E8F179E7D}
		{45C280CF-1E6A-4EB3-8757-5A4DB16C7A05} = {7D2C91EE-C706-43EF-890D-8E1E8F179E7D}
		{31A5E2A3-1D75-4DEE-810D-1E8A1FAA367F} = {A07955C0-8547-49CA-8F01-428530911D0B}
		{9FEB1072-415C-4E96-AA33-31C3D03D529F} = {A07955C0-8547-49CA-8F01-428530911D0B}
		{1E45B31D-E951-4285-8DCA-E09A992A1E3F} = {7A34C7E0-4CEB-49D9-9663-DEA74BB2A8DC}
		{817F91AF-EB7D-477C-8737-74B7FC7F284A} = {7A34C7E0-4CEB-49D9-9663-DEA74BB2A8DC}
		{5C2E2035-3E70-455C-92C9-8F35314D2B25} = {6CA8D917-B34B-4E8D-8220-85B95566B4A0}
		{9E2E16B4-B0F9-446F-8AB6-85C53A2F8086} = {6CA8D917-B34B-4E8D-8220-85B95566B4A0}
		{ED2778D6-D22D-4034-BD72-CF9B668A60B0} = {6CA8D917-B34B-4E8D-8220-85B95566B4A0}
		{670D00CE-9AEE-4250-A6E0-13F5159C62E0} = {E84CE733-1EA4-415F-AB14-DBF0819534FB}
		{5D817E81-39EA-4442-A985-084107EF36AF} = {E84CE733-1EA4-415F-AB14-DBF0819534FB}
		{D46D10CA-7CCB-4DD1-A384-48B2440395BA} = {C4C9AD1C-F476-4D2A-A386-D0CC459A1189}
		{13205F2F-698F-4DA5-99FF-1907889AB55C} = {C4C9AD1C-F476-4D2A-A386-D0CC459A1189}
		{8A42F2B0-3C16-4BFC-96BE-9FDFAB0ADE25} = {EACF6574-4E5F-40CF-AAA7-5F4E6BFCC101}
		{8672131B-BF8D-4EEF-8018-7FB3FDB70E0B} = {EACF6574-4E5F-40CF-AAA7-5F4E6BFCC101}
		{68FBF8C6-580E-4A69-B459-E342EB9155E0} = {EACF6574-4E5F-40CF-AAA7-5F4E6BFCC101}
		{09A6B9A3-D2FB-4BE7-96B2-7C3BD8885676} = {F4C43B1B-89B8-4FDF-A77E-F19C47AA9E32}
		{2A1EDEB8-9BDF-4701-AC6B-E85D74236399} = {7ADB51E8-7CA6-42FE-8561-11B95FA0AD92}
		{5CC69D13-C2B4-4A50-9FE8-3CF30D45B25C} = {7ADB51E8-7CA6-42FE-8561-11B95FA0AD92}
		{1A828119-84B6-409F-B616-2B8491AB9048} = {E35D6D83-B9FF-4ECF-B610-EEC4A66E8A86}
		{E62AFDA8-3FA1-4DDC-8609-4C2FF44BBE0B} = {83BCC213-7888-4F20-ADD9-D8DC07481282}
		{DB303DDF-B984-474D-8182-C3145F986D9F} = {FB8BB74D-3C3D-4B17-B420-3F4D4B5A1B76}
		{E35D6D83-B9FF-4ECF-B610-EEC4A66E8A86} = {FB8BB74D-3C3D-4B17-B420-3F4D4B5A1B76}
		{8646AE22-1E3E-46CA-9739-AB714B8117C0} = {791F97DF-AA10-4742-8DB9-CE3C30179876}
		{80C0099C-2AA0-4322-B6DA-D43D65290735} = {04C1F81F-ED3A-48F2-9FB7-8AB924425365}
		{0264A432-644A-4C04-8F4C-2C2E7C4CCF7A} = {1EF1EE0D-EF50-4401-87F2-BD94E3004CE0}
		{F142C960-FD1B-4D5C-8524-2AA2DE93A33C} = {55222E2B-E744-4AC5-BFCF-11E9121209BA}
		{7D2C91EE-C706-43EF-890D-8E1E8F179E7D} = {FB8BB74D-3C3D-4B17-B420-3F4D4B5A1B76}
		{A07955C0-8547-49CA-8F01-428530911D0B} = {55222E2B-E744-4AC5-BFCF-11E9121209BA}
		{7A34C7E0-4CEB-49D9-9663-DEA74BB2A8DC} = {04C1F81F-ED3A-48F2-9FB7-8AB924425365}
		{6CA8D917-B34B-4E8D-8220-85B95566B4A0} = {791F97DF-AA10-4742-8DB9-CE3C30179876}
		{4B48AE99-D195-4D06-9F54-FA3366AB4551} = {55222E2B-E744-4AC5-BFCF-11E9121209BA}
		{DBD06491-1A72-4314-B132-5165C82DA20F} = {55222E2B-E744-4AC5-BFCF-11E9121209BA}
		{E84CE733-1EA4-415F-AB14-DBF0819534FB} = {04C1F81F-ED3A-48F2-9FB7-8AB924425365}
		{C4C9AD1C-F476-4D2A-A386-D0CC459A1189} = {55222E2B-E744-4AC5-BFCF-11E9121209BA}
		{EACF6574-4E5F-40CF-AAA7-5F4E6BFCC101} = {791F97DF-AA10-4742-8DB9-CE3C30179876}
		{7ADB51E8-7CA6-42FE-8561-11B95FA0AD92} = {04C1F81F-ED3A-48F2-9FB7-8AB924425365}
		{1BD57993-EA78-4915-BDC4-A108753A23AC} = {DB303DDF-B984-474D-8182-C3145F986D9F}
		{77FD5C96-660E-47F8-8C93-3741106DBBAA} = {DB303DDF-B984-474D-8182-C3145F986D9F}
		{8F72A449-4325-4642-B29A-8B7E39FA0F11} = {83BCC213-7888-4F20-ADD9-D8DC07481282}
		{9B23986C-66AC-48D0-A52C-8172A0E6CA91} = {8F72A449-4325-4642-B29A-8B7E39FA0F11}
		{3DAE27CA-C4A3-4E3D-A626-C631F6BF551F} = {8F72A449-4325-4642-B29A-8B7E39FA0F11}
		{F4C43B1B-89B8-4FDF-A77E-F19C47AA9E32} = {13267B83-4C5E-48C9-B5A8-9E62831DAF8F}
		{1243A57F-C644-4ADF-92B5-EC70064A21DD} = {13267B83-4C5E-48C9-B5A8-9E62831DAF8F}
		{D1ECB8E9-A3E2-464D-80C0-6B0915896E08} = {1243A57F-C644-4ADF-92B5-EC70064A21DD}
		{545E4463-590E-4416-B93F-5EE1C8D2C561} = {1243A57F-C644-4ADF-92B5-EC70064A21DD}
		{7E06E399-9A3C-4997-8351-9E44E02B9C40} = {1243A57F-C644-4ADF-92B5-EC70064A21DD}
		{69531B04-4275-4553-9306-07703731E720} = {13267B83-4C5E-48C9-B5A8-9E62831DAF8F}
		{B6703DA2-4029-410C-8ED5-EEF2408657D3} = {69531B04-4275-4553-9306-07703731E720}
		{086AEBE0-634B-42B7-9484-1D1796593CAE} = {DBD06491-1A72-4314-B132-5165C82DA20F}
		{3C722A19-1AD2-4310-B5A5-2BAA7FB906FB} = {DBD06491-1A72-4314-B132-5165C82DA20F}
		{FCD8F83B-A149-4CBE-8446-AE4DB9255F45} = {DBD06491-1A72-4314-B132-5165C82DA20F}
		{8F202651-9ADC-404E-8A18-4927B223F114} = {4B48AE99-D195-4D06-9F54-FA3366AB4551}
		{E786BDC5-FC24-4146-8F22-3EED6B5C9E15} = {4B48AE99-D195-4D06-9F54-FA3366AB4551}
		{0DAAB3EF-A6F0-4924-AC5F-9B81FD5F2A50} = {1ED02F0C-2F00-4678-99B0-C9A14E18CE2D}
	EndGlobalSection
EndGlobal
