
Microsoft Visual Studio Solution File, Format Version 12.00
# Visual Studio 2013
VisualStudioVersion = 12.0.31101.0
MinimumVisualStudioVersion = 10.0.40219.1
Project("{FAE04EC0-301F-11D3-BF4B-00C04F79EFBC}") = "MSReader.Client", "MSReader\MSReader.Client\MSReader.Client.csproj", "{D0D983B0-6872-43FD-B1DF-8AD4A3F3E0AC}"
EndProject
Project("{FAE04EC0-301F-11D3-BF4B-00C04F79EFBC}") = "MSReader.Stub", "MSReader\MSReader.Stub\MSReader.Stub.csproj", "{D27202DB-164F-4759-ADD6-A1D7453A1543}"
EndProject
Project("{2150E333-8FDC-42A3-9474-1A3956D46DE8}") = "MSReader", "MSReader", "{F38BE6F1-1463-46A0-9724-23EE968537BA}"
EndProject
Project("{FAE04EC0-301F-11D3-BF4B-00C04F79EFBC}") = "FunManager.Client", "FunManager\FunManager.Client\FunManager.Client.csproj", "{E244B11F-35AE-4420-B65D-DF56AEEBCF44}"
EndProject
Project("{FAE04EC0-301F-11D3-BF4B-00C04F79EFBC}") = "FunManager.Stub", "FunManager\FunManager.Stub\FunManager.Stub.csproj", "{20F3CBEF-8B18-4415-9BF7-B984F0A5249C}"
EndProject
Project("{FAE04EC0-301F-11D3-BF4B-00C04F79EFBC}") = "Project Controller-Script", "Project Controller-Script\Project Controller-Script.csproj", "{845ABA6C-674F-479A-BE7E-E295691CA775}"
EndProject
Project("{FAE04EC0-301F-11D3-BF4B-00C04F79EFBC}") = "ShellExecute.Client", "ShellExecute\ShellExecute.Client\ShellExecute.Client.csproj", "{758963A0-F325-472A-8DFC-FFB47C2BC2C2}"
EndProject
Project("{FAE04EC0-301F-11D3-BF4B-00C04F79EFBC}") = "SkypeResolver.Stub", "SkypeResolver\SkypeResolver.Stub\SkypeResolver.Stub.csproj", "{C806833D-707B-4338-BFB0-904ABC16B526}"
EndProject
Project("{FAE04EC0-301F-11D3-BF4B-00C04F79EFBC}") = "SkypeResolver.Client", "SkypeResolver\SkypeResolver.Client\SkypeResolver.Client.csproj", "{3022810C-1220-494D-B948-E2ACA17BDC46}"
EndProject
Project("{FAE04EC0-301F-11D3-BF4B-00C04F79EFBC}") = "ShellExecute.Server", "ShellExecute\ShellExecute.Server\ShellExecute.Server.csproj", "{16C7AF02-3AD2-4B0A-8CAF-584454B6B216}"
EndProject
Project("{FAE04EC0-301F-11D3-BF4B-00C04F79EFBC}") = "etcFileManager.Stub", "etcFileEditor\etcFileManage.Stub\etcFileManager.Stub.csproj", "{D4FE4B2C-BF53-487B-92F4-C7A4DF6CBFBD}"
EndProject
Project("{FAE04EC0-301F-11D3-BF4B-00C04F79EFBC}") = "etcFileManager.Client", "etcFileEditor\etcFileManager.Client\etcFileManager.Client.csproj", "{59600344-8C58-4054-81A6-716A3BF057E0}"
EndProject
Project("{2150E333-8FDC-42A3-9474-1A3956D46DE8}") = "etcFileManager", "etcFileManager", "{3E4BB6C5-8B65-4B6E-893E-D31EA5899103}"
EndProject
Project("{2150E333-8FDC-42A3-9474-1A3956D46DE8}") = "FunManager", "FunManager", "{D59196C8-514B-42A0-AEE4-55311F89A1AA}"
EndProject
Project("{2150E333-8FDC-42A3-9474-1A3956D46DE8}") = "ShellExecute", "ShellExecute", "{366FE65F-DD17-40C1-82D0-A6F6E63B46FA}"
EndProject
Project("{2150E333-8FDC-42A3-9474-1A3956D46DE8}") = "SkypeResolver", "SkypeResolver", "{6861521B-0A39-4351-A1C5-06C74400DFAD}"
EndProject
Project("{2150E333-8FDC-42A3-9474-1A3956D46DE8}") = "ProjectController-Script", "ProjectController-Script", "{55274165-8E1C-4EF9-862F-EC7CA571DEAD}"
EndProject
Global
	GlobalSection(SolutionConfigurationPlatforms) = preSolution
		Debug|Any CPU = Debug|Any CPU
		Release|Any CPU = Release|Any CPU
	EndGlobalSection
	GlobalSection(ProjectConfigurationPlatforms) = postSolution
		{D0D983B0-6872-43FD-B1DF-8AD4A3F3E0AC}.Debug|Any CPU.ActiveCfg = Debug|Any CPU
		{D0D983B0-6872-43FD-B1DF-8AD4A3F3E0AC}.Debug|Any CPU.Build.0 = Debug|Any CPU
		{D0D983B0-6872-43FD-B1DF-8AD4A3F3E0AC}.Release|Any CPU.ActiveCfg = Release|Any CPU
		{D0D983B0-6872-43FD-B1DF-8AD4A3F3E0AC}.Release|Any CPU.Build.0 = Release|Any CPU
		{D27202DB-164F-4759-ADD6-A1D7453A1543}.Debug|Any CPU.ActiveCfg = Debug|Any CPU
		{D27202DB-164F-4759-ADD6-A1D7453A1543}.Debug|Any CPU.Build.0 = Debug|Any CPU
		{D27202DB-164F-4759-ADD6-A1D7453A1543}.Release|Any CPU.ActiveCfg = Release|Any CPU
		{D27202DB-164F-4759-ADD6-A1D7453A1543}.Release|Any CPU.Build.0 = Release|Any CPU
		{E244B11F-35AE-4420-B65D-DF56AEEBCF44}.Debug|Any CPU.ActiveCfg = Debug|Any CPU
		{E244B11F-35AE-4420-B65D-DF56AEEBCF44}.Debug|Any CPU.Build.0 = Debug|Any CPU
		{E244B11F-35AE-4420-B65D-DF56AEEBCF44}.Release|Any CPU.ActiveCfg = Release|Any CPU
		{E244B11F-35AE-4420-B65D-DF56AEEBCF44}.Release|Any CPU.Build.0 = Release|Any CPU
		{20F3CBEF-8B18-4415-9BF7-B984F0A5249C}.Debug|Any CPU.ActiveCfg = Debug|Any CPU
		{20F3CBEF-8B18-4415-9BF7-B984F0A5249C}.Debug|Any CPU.Build.0 = Debug|Any CPU
		{20F3CBEF-8B18-4415-9BF7-B984F0A5249C}.Release|Any CPU.ActiveCfg = Release|Any CPU
		{20F3CBEF-8B18-4415-9BF7-B984F0A5249C}.Release|Any CPU.Build.0 = Release|Any CPU
		{845ABA6C-674F-479A-BE7E-E295691CA775}.Debug|Any CPU.ActiveCfg = Debug|Any CPU
		{845ABA6C-674F-479A-BE7E-E295691CA775}.Debug|Any CPU.Build.0 = Debug|Any CPU
		{845ABA6C-674F-479A-BE7E-E295691CA775}.Release|Any CPU.ActiveCfg = Release|Any CPU
		{845ABA6C-674F-479A-BE7E-E295691CA775}.Release|Any CPU.Build.0 = Release|Any CPU
		{758963A0-F325-472A-8DFC-FFB47C2BC2C2}.Debug|Any CPU.ActiveCfg = Debug|Any CPU
		{758963A0-F325-472A-8DFC-FFB47C2BC2C2}.Debug|Any CPU.Build.0 = Debug|Any CPU
		{758963A0-F325-472A-8DFC-FFB47C2BC2C2}.Release|Any CPU.ActiveCfg = Release|Any CPU
		{758963A0-F325-472A-8DFC-FFB47C2BC2C2}.Release|Any CPU.Build.0 = Release|Any CPU
		{C806833D-707B-4338-BFB0-904ABC16B526}.Debug|Any CPU.ActiveCfg = Debug|Any CPU
		{C806833D-707B-4338-BFB0-904ABC16B526}.Debug|Any CPU.Build.0 = Debug|Any CPU
		{C806833D-707B-4338-BFB0-904ABC16B526}.Release|Any CPU.ActiveCfg = Release|Any CPU
		{C806833D-707B-4338-BFB0-904ABC16B526}.Release|Any CPU.Build.0 = Release|Any CPU
		{3022810C-1220-494D-B948-E2ACA17BDC46}.Debug|Any CPU.ActiveCfg = Debug|Any CPU
		{3022810C-1220-494D-B948-E2ACA17BDC46}.Debug|Any CPU.Build.0 = Debug|Any CPU
		{3022810C-1220-494D-B948-E2ACA17BDC46}.Release|Any CPU.ActiveCfg = Release|Any CPU
		{3022810C-1220-494D-B948-E2ACA17BDC46}.Release|Any CPU.Build.0 = Release|Any CPU
		{16C7AF02-3AD2-4B0A-8CAF-584454B6B216}.Debug|Any CPU.ActiveCfg = Debug|Any CPU
		{16C7AF02-3AD2-4B0A-8CAF-584454B6B216}.Debug|Any CPU.Build.0 = Debug|Any CPU
		{16C7AF02-3AD2-4B0A-8CAF-584454B6B216}.Release|Any CPU.ActiveCfg = Release|Any CPU
		{16C7AF02-3AD2-4B0A-8CAF-584454B6B216}.Release|Any CPU.Build.0 = Release|Any CPU
		{D4FE4B2C-BF53-487B-92F4-C7A4DF6CBFBD}.Debug|Any CPU.ActiveCfg = Debug|Any CPU
		{D4FE4B2C-BF53-487B-92F4-C7A4DF6CBFBD}.Debug|Any CPU.Build.0 = Debug|Any CPU
		{D4FE4B2C-BF53-487B-92F4-C7A4DF6CBFBD}.Release|Any CPU.ActiveCfg = Release|Any CPU
		{D4FE4B2C-BF53-487B-92F4-C7A4DF6CBFBD}.Release|Any CPU.Build.0 = Release|Any CPU
		{59600344-8C58-4054-81A6-716A3BF057E0}.Debug|Any CPU.ActiveCfg = Debug|Any CPU
		{59600344-8C58-4054-81A6-716A3BF057E0}.Debug|Any CPU.Build.0 = Debug|Any CPU
		{59600344-8C58-4054-81A6-716A3BF057E0}.Release|Any CPU.ActiveCfg = Release|Any CPU
		{59600344-8C58-4054-81A6-716A3BF057E0}.Release|Any CPU.Build.0 = Release|Any CPU
	EndGlobalSection
	GlobalSection(SolutionProperties) = preSolution
		HideSolutionNode = FALSE
	EndGlobalSection
	GlobalSection(NestedProjects) = preSolution
		{D0D983B0-6872-43FD-B1DF-8AD4A3F3E0AC} = {F38BE6F1-1463-46A0-9724-23EE968537BA}
		{D27202DB-164F-4759-ADD6-A1D7453A1543} = {F38BE6F1-1463-46A0-9724-23EE968537BA}
		{E244B11F-35AE-4420-B65D-DF56AEEBCF44} = {D59196C8-514B-42A0-AEE4-55311F89A1AA}
		{20F3CBEF-8B18-4415-9BF7-B984F0A5249C} = {D59196C8-514B-42A0-AEE4-55311F89A1AA}
		{845ABA6C-674F-479A-BE7E-E295691CA775} = {55274165-8E1C-4EF9-862F-EC7CA571DEAD}
		{758963A0-F325-472A-8DFC-FFB47C2BC2C2} = {366FE65F-DD17-40C1-82D0-A6F6E63B46FA}
		{C806833D-707B-4338-BFB0-904ABC16B526} = {6861521B-0A39-4351-A1C5-06C74400DFAD}
		{3022810C-1220-494D-B948-E2ACA17BDC46} = {6861521B-0A39-4351-A1C5-06C74400DFAD}
		{16C7AF02-3AD2-4B0A-8CAF-584454B6B216} = {366FE65F-DD17-40C1-82D0-A6F6E63B46FA}
		{D4FE4B2C-BF53-487B-92F4-C7A4DF6CBFBD} = {3E4BB6C5-8B65-4B6E-893E-D31EA5899103}
		{59600344-8C58-4054-81A6-716A3BF057E0} = {3E4BB6C5-8B65-4B6E-893E-D31EA5899103}
	EndGlobalSection
EndGlobal
